
Microsoft Visual Studio Solution File, Format Version 12.00
# Visual Studio Version 17
VisualStudioVersion = 17.11.35327.3
MinimumVisualStudioVersion = 10.0.40219.1
Project("{FAE04EC0-301F-11D3-BF4B-00C04F79EFBC}") = "Senso", "Senso.csproj", "{A53F33FD-89F7-458E-8799-A0AD03302D80}"
EndProject
Global
	GlobalSection(SolutionConfigurationPlatforms) = preSolution
		Debug|Any CPU = Debug|Any CPU
		Release|Any CPU = Release|Any CPU
	EndGlobalSection
	GlobalSection(ProjectConfigurationPlatforms) = postSolution
		{A53F33FD-89F7-458E-8799-A0AD03302D80}.Debug|Any CPU.ActiveCfg = Debug|Any CPU
		{A53F33FD-89F7-458E-8799-A0AD03302D80}.Debug|Any CPU.Build.0 = Debug|Any CPU
		{A53F33FD-89F7-458E-8799-A0AD03302D80}.Release|Any CPU.ActiveCfg = Release|Any CPU
		{A53F33FD-89F7-458E-8799-A0AD03302D80}.Release|Any CPU.Build.0 = Release|Any CPU
	EndGlobalSection
	GlobalSection(SolutionProperties) = preSolution
		HideSolutionNode = FALSE
	EndGlobalSection
	GlobalSection(ExtensibilityGlobals) = postSolution
		SolutionGuid = {ADAEB2F9-989C-4C25-831B-7A2D51C9944F}
	EndGlobalSection
EndGlobal
